// !$*UTF8*$!
{
	archiveVersion = 1;
	classes = {
	};
	objectVersion = 50;
	objects = {

/* Begin PBXBuildFile section */
		F52871C826B783B8005755C8 /* AppDelegate.swift in Sources */ = {isa = PBXBuildFile; fileRef = F52871C726B783B8005755C8 /* AppDelegate.swift */; };
		F52871CA26B783B8005755C8 /* SceneDelegate.swift in Sources */ = {isa = PBXBuildFile; fileRef = F52871C926B783B8005755C8 /* SceneDelegate.swift */; };
		F52871CC26B783B8005755C8 /* ViewController.swift in Sources */ = {isa = PBXBuildFile; fileRef = F52871CB26B783B8005755C8 /* ViewController.swift */; };
		F52871CF26B783B8005755C8 /* Main.storyboard in Resources */ = {isa = PBXBuildFile; fileRef = F52871CD26B783B8005755C8 /* Main.storyboard */; };
		F52871D126B783BA005755C8 /* Assets.xcassets in Resources */ = {isa = PBXBuildFile; fileRef = F52871D026B783BA005755C8 /* Assets.xcassets */; };
		F52871D426B783BA005755C8 /* LaunchScreen.storyboard in Resources */ = {isa = PBXBuildFile; fileRef = F52871D226B783BA005755C8 /* LaunchScreen.storyboard */; };
		F52871DF26B784D0005755C8 /* JdmTableViewCell.swift in Sources */ = {isa = PBXBuildFile; fileRef = F52871DD26B784D0005755C8 /* JdmTableViewCell.swift */; };
		F52871E026B784D0005755C8 /* JdmTableViewCell.xib in Resources */ = {isa = PBXBuildFile; fileRef = F52871DE26B784D0005755C8 /* JdmTableViewCell.xib */; };
		F52871E626B78734005755C8 /* DummyJDM.swift in Sources */ = {isa = PBXBuildFile; fileRef = F52871E526B78734005755C8 /* DummyJDM.swift */; };
		F52871E826B78740005755C8 /* Jdm.swift in Sources */ = {isa = PBXBuildFile; fileRef = F52871E726B78740005755C8 /* Jdm.swift */; };
		F52871EB26B790B5005755C8 /* DetailViewController.swift in Sources */ = {isa = PBXBuildFile; fileRef = F52871E926B790B5005755C8 /* DetailViewController.swift */; };
		F52871EC26B790B5005755C8 /* DetailViewController.xib in Resources */ = {isa = PBXBuildFile; fileRef = F52871EA26B790B5005755C8 /* DetailViewController.xib */; };
/* End PBXBuildFile section */

/* Begin PBXFileReference section */
		F52871C426B783B8005755C8 /* JDMListDynamic.app */ = {isa = PBXFileReference; explicitFileType = wrapper.application; includeInIndex = 0; path = JDMListDynamic.app; sourceTree = BUILT_PRODUCTS_DIR; };
		F52871C726B783B8005755C8 /* AppDelegate.swift */ = {isa = PBXFileReference; lastKnownFileType = sourcecode.swift; path = AppDelegate.swift; sourceTree = "<group>"; };
		F52871C926B783B8005755C8 /* SceneDelegate.swift */ = {isa = PBXFileReference; lastKnownFileType = sourcecode.swift; path = SceneDelegate.swift; sourceTree = "<group>"; };
		F52871CB26B783B8005755C8 /* ViewController.swift */ = {isa = PBXFileReference; lastKnownFileType = sourcecode.swift; path = ViewController.swift; sourceTree = "<group>"; };
		F52871CE26B783B8005755C8 /* Base */ = {isa = PBXFileReference; lastKnownFileType = file.storyboard; name = Base; path = Base.lproj/Main.storyboard; sourceTree = "<group>"; };
		F52871D026B783BA005755C8 /* Assets.xcassets */ = {isa = PBXFileReference; lastKnownFileType = folder.assetcatalog; path = Assets.xcassets; sourceTree = "<group>"; };
		F52871D326B783BA005755C8 /* Base */ = {isa = PBXFileReference; lastKnownFileType = file.storyboard; name = Base; path = Base.lproj/LaunchScreen.storyboard; sourceTree = "<group>"; };
		F52871D526B783BA005755C8 /* Info.plist */ = {isa = PBXFileReference; lastKnownFileType = text.plist.xml; path = Info.plist; sourceTree = "<group>"; };
		F52871DD26B784D0005755C8 /* JdmTableViewCell.swift */ = {isa = PBXFileReference; lastKnownFileType = sourcecode.swift; path = JdmTableViewCell.swift; sourceTree = "<group>"; };
		F52871DE26B784D0005755C8 /* JdmTableViewCell.xib */ = {isa = PBXFileReference; lastKnownFileType = file.xib; path = JdmTableViewCell.xib; sourceTree = "<group>"; };
		F52871E526B78734005755C8 /* DummyJDM.swift */ = {isa = PBXFileReference; lastKnownFileType = sourcecode.swift; path = DummyJDM.swift; sourceTree = "<group>"; };
		F52871E726B78740005755C8 /* Jdm.swift */ = {isa = PBXFileReference; lastKnownFileType = sourcecode.swift; path = Jdm.swift; sourceTree = "<group>"; };
		F52871E926B790B5005755C8 /* DetailViewController.swift */ = {isa = PBXFileReference; lastKnownFileType = sourcecode.swift; path = DetailViewController.swift; sourceTree = "<group>"; };
		F52871EA26B790B5005755C8 /* DetailViewController.xib */ = {isa = PBXFileReference; lastKnownFileType = file.xib; path = DetailViewController.xib; sourceTree = "<group>"; };
/* End PBXFileReference section */

/* Begin PBXFrameworksBuildPhase section */
		F52871C126B783B8005755C8 /* Frameworks */ = {
			isa = PBXFrameworksBuildPhase;
			buildActionMask = 2147483647;
			files = (
			);
			runOnlyForDeploymentPostprocessing = 0;
		};
/* End PBXFrameworksBuildPhase section */

/* Begin PBXGroup section */
		F52871BB26B783B8005755C8 = {
			isa = PBXGroup;
			children = (
				F52871C626B783B8005755C8 /* JDMListDynamic */,
				F52871C526B783B8005755C8 /* Products */,
			);
			sourceTree = "<group>";
		};
		F52871C526B783B8005755C8 /* Products */ = {
			isa = PBXGroup;
			children = (
				F52871C426B783B8005755C8 /* JDMListDynamic.app */,
			);
			name = Products;
			sourceTree = "<group>";
		};
		F52871C626B783B8005755C8 /* JDMListDynamic */ = {
			isa = PBXGroup;
			children = (
				F52871E426B786ED005755C8 /* Base */,
				F52871E326B786C7005755C8 /* Controller */,
				F52871E226B786C0005755C8 /* View */,
				F52871E126B786B8005755C8 /* Model */,
				F52871D026B783BA005755C8 /* Assets.xcassets */,
				F52871D526B783BA005755C8 /* Info.plist */,
			);
			path = JDMListDynamic;
			sourceTree = "<group>";
		};
		F52871E126B786B8005755C8 /* Model */ = {
			isa = PBXGroup;
			children = (
				F52871E526B78734005755C8 /* DummyJDM.swift */,
				F52871E726B78740005755C8 /* Jdm.swift */,
			);
			path = Model;
			sourceTree = "<group>";
		};
		F52871E226B786C0005755C8 /* View */ = {
			isa = PBXGroup;
			children = (
				F52871EA26B790B5005755C8 /* DetailViewController.xib */,
				F52871DE26B784D0005755C8 /* JdmTableViewCell.xib */,
				F52871CD26B783B8005755C8 /* Main.storyboard */,
				F52871D226B783BA005755C8 /* LaunchScreen.storyboard */,
			);
			path = View;
			sourceTree = "<group>";
		};
		F52871E326B786C7005755C8 /* Controller */ = {
			isa = PBXGroup;
			children = (
				F52871CB26B783B8005755C8 /* ViewController.swift */,
				F52871DD26B784D0005755C8 /* JdmTableViewCell.swift */,
				F52871E926B790B5005755C8 /* DetailViewController.swift */,
			);
			path = Controller;
			sourceTree = "<group>";
		};
		F52871E426B786ED005755C8 /* Base */ = {
			isa = PBXGroup;
			children = (
				F52871C726B783B8005755C8 /* AppDelegate.swift */,
				F52871C926B783B8005755C8 /* SceneDelegate.swift */,
			);
			path = Base;
			sourceTree = "<group>";
		};
/* End PBXGroup section */

/* Begin PBXNativeTarget section */
		F52871C326B783B8005755C8 /* JDMListDynamic */ = {
			isa = PBXNativeTarget;
			buildConfigurationList = F52871D826B783BA005755C8 /* Build configuration list for PBXNativeTarget "JDMListDynamic" */;
			buildPhases = (
				F52871C026B783B8005755C8 /* Sources */,
				F52871C126B783B8005755C8 /* Frameworks */,
				F52871C226B783B8005755C8 /* Resources */,
			);
			buildRules = (
			);
			dependencies = (
			);
			name = JDMListDynamic;
			productName = JDMListDynamic;
			productReference = F52871C426B783B8005755C8 /* JDMListDynamic.app */;
			productType = "com.apple.product-type.application";
		};
/* End PBXNativeTarget section */

/* Begin PBXProject section */
		F52871BC26B783B8005755C8 /* Project object */ = {
			isa = PBXProject;
			attributes = {
				LastSwiftUpdateCheck = 1250;
				LastUpgradeCheck = 1250;
				TargetAttributes = {
					F52871C326B783B8005755C8 = {
						CreatedOnToolsVersion = 12.5.1;
					};
				};
			};
			buildConfigurationList = F52871BF26B783B8005755C8 /* Build configuration list for PBXProject "JDMListDynamic" */;
			compatibilityVersion = "Xcode 9.3";
			developmentRegion = en;
			hasScannedForEncodings = 0;
			knownRegions = (
				en,
				Base,
			);
			mainGroup = F52871BB26B783B8005755C8;
			productRefGroup = F52871C526B783B8005755C8 /* Products */;
			projectDirPath = "";
			projectRoot = "";
			targets = (
				F52871C326B783B8005755C8 /* JDMListDynamic */,
			);
		};
/* End PBXProject section */

/* Begin PBXResourcesBuildPhase section */
		F52871C226B783B8005755C8 /* Resources */ = {
			isa = PBXResourcesBuildPhase;
			buildActionMask = 2147483647;
			files = (
				F52871D426B783BA005755C8 /* LaunchScreen.storyboard in Resources */,
				F52871D126B783BA005755C8 /* Assets.xcassets in Resources */,
				F52871EC26B790B5005755C8 /* DetailViewController.xib in Resources */,
				F52871CF26B783B8005755C8 /* Main.storyboard in Resources */,
				F52871E026B784D0005755C8 /* JdmTableViewCell.xib in Resources */,
			);
			runOnlyForDeploymentPostprocessing = 0;
		};
/* End PBXResourcesBuildPhase section */

/* Begin PBXSourcesBuildPhase section */
		F52871C026B783B8005755C8 /* Sources */ = {
			isa = PBXSourcesBuildPhase;
			buildActionMask = 2147483647;
			files = (
				F52871CC26B783B8005755C8 /* ViewController.swift in Sources */,
				F52871E826B78740005755C8 /* Jdm.swift in Sources */,
				F52871C826B783B8005755C8 /* AppDelegate.swift in Sources */,
				F52871CA26B783B8005755C8 /* SceneDelegate.swift in Sources */,
				F52871DF26B784D0005755C8 /* JdmTableViewCell.swift in Sources */,
				F52871E626B78734005755C8 /* DummyJDM.swift in Sources */,
				F52871EB26B790B5005755C8 /* DetailViewController.swift in Sources */,
			);
			runOnlyForDeploymentPostprocessing = 0;
		};
/* End PBXSourcesBuildPhase section */

/* Begin PBXVariantGroup section */
		F52871CD26B783B8005755C8 /* Main.storyboard */ = {
			isa = PBXVariantGroup;
			children = (
				F52871CE26B783B8005755C8 /* Base */,
			);
			name = Main.storyboard;
			sourceTree = "<group>";
		};
		F52871D226B783BA005755C8 /* LaunchScreen.storyboard */ = {
			isa = PBXVariantGroup;
			children = (
				F52871D326B783BA005755C8 /* Base */,
			);
			name = LaunchScreen.storyboard;
			sourceTree = "<group>";
		};
/* End PBXVariantGroup section */

/* Begin XCBuildConfiguration section */
		F52871D626B783BA005755C8 /* Debug */ = {
			isa = XCBuildConfiguration;
			buildSettings = {
				ALWAYS_SEARCH_USER_PATHS = NO;
				CLANG_ANALYZER_NONNULL = YES;
				CLANG_ANALYZER_NUMBER_OBJECT_CONVERSION = YES_AGGRESSIVE;
				CLANG_CXX_LANGUAGE_STANDARD = "gnu++14";
				CLANG_CXX_LIBRARY = "libc++";
				CLANG_ENABLE_MODULES = YES;
				CLANG_ENABLE_OBJC_ARC = YES;
				CLANG_ENABLE_OBJC_WEAK = YES;
				CLANG_WARN_BLOCK_CAPTURE_AUTORELEASING = YES;
				CLANG_WARN_BOOL_CONVERSION = YES;
				CLANG_WARN_COMMA = YES;
				CLANG_WARN_CONSTANT_CONVERSION = YES;
				CLANG_WARN_DEPRECATED_OBJC_IMPLEMENTATIONS = YES;
				CLANG_WARN_DIRECT_OBJC_ISA_USAGE = YES_ERROR;
				CLANG_WARN_DOCUMENTATION_COMMENTS = YES;
				CLANG_WARN_EMPTY_BODY = YES;
				CLANG_WARN_ENUM_CONVERSION = YES;
				CLANG_WARN_INFINITE_RECURSION = YES;
				CLANG_WARN_INT_CONVERSION = YES;
				CLANG_WARN_NON_LITERAL_NULL_CONVERSION = YES;
				CLANG_WARN_OBJC_IMPLICIT_RETAIN_SELF = YES;
				CLANG_WARN_OBJC_LITERAL_CONVERSION = YES;
				CLANG_WARN_OBJC_ROOT_CLASS = YES_ERROR;
				CLANG_WARN_QUOTED_INCLUDE_IN_FRAMEWORK_HEADER = YES;
				CLANG_WARN_RANGE_LOOP_ANALYSIS = YES;
				CLANG_WARN_STRICT_PROTOTYPES = YES;
				CLANG_WARN_SUSPICIOUS_MOVE = YES;
				CLANG_WARN_UNGUARDED_AVAILABILITY = YES_AGGRESSIVE;
				CLANG_WARN_UNREACHABLE_CODE = YES;
				CLANG_WARN__DUPLICATE_METHOD_MATCH = YES;
				COPY_PHASE_STRIP = NO;
				DEBUG_INFORMATION_FORMAT = dwarf;
				ENABLE_STRICT_OBJC_MSGSEND = YES;
				ENABLE_TESTABILITY = YES;
				GCC_C_LANGUAGE_STANDARD = gnu11;
				GCC_DYNAMIC_NO_PIC = NO;
				GCC_NO_COMMON_BLOCKS = YES;
				GCC_OPTIMIZATION_LEVEL = 0;
				GCC_PREPROCESSOR_DEFINITIONS = (
					"DEBUG=1",
					"$(inherited)",
				);
				GCC_WARN_64_TO_32_BIT_CONVERSION = YES;
				GCC_WARN_ABOUT_RETURN_TYPE = YES_ERROR;
				GCC_WARN_UNDECLARED_SELECTOR = YES;
				GCC_WARN_UNINITIALIZED_AUTOS = YES_AGGRESSIVE;
				GCC_WARN_UNUSED_FUNCTION = YES;
				GCC_WARN_UNUSED_VARIABLE = YES;
				IPHONEOS_DEPLOYMENT_TARGET = 14.5;
				MTL_ENABLE_DEBUG_INFO = INCLUDE_SOURCE;
				MTL_FAST_MATH = YES;
				ONLY_ACTIVE_ARCH = YES;
				SDKROOT = iphoneos;
				SWIFT_ACTIVE_COMPILATION_CONDITIONS = DEBUG;
				SWIFT_OPTIMIZATION_LEVEL = "-Onone";
			};
			name = Debug;
		};
		F52871D726B783BA005755C8 /* Release */ = {
			isa = XCBuildConfiguration;
			buildSettings = {
				ALWAYS_SEARCH_USER_PATHS = NO;
				CLANG_ANALYZER_NONNULL = YES;
				CLANG_ANALYZER_NUMBER_OBJECT_CONVERSION = YES_AGGRESSIVE;
				CLANG_CXX_LANGUAGE_STANDARD = "gnu++14";
				CLANG_CXX_LIBRARY = "libc++";
				CLANG_ENABLE_MODULES = YES;
				CLANG_ENABLE_OBJC_ARC = YES;
				CLANG_ENABLE_OBJC_WEAK = YES;
				CLANG_WARN_BLOCK_CAPTURE_AUTORELEASING = YES;
				CLANG_WARN_BOOL_CONVERSION = YES;
				CLANG_WARN_COMMA = YES;
				CLANG_WARN_CONSTANT_CONVERSION = YES;
				CLANG_WARN_DEPRECATED_OBJC_IMPLEMENTATIONS = YES;
				CLANG_WARN_DIRECT_OBJC_ISA_USAGE = YES_ERROR;
				CLANG_WARN_DOCUMENTATION_COMMENTS = YES;
				CLANG_WARN_EMPTY_BODY = YES;
				CLANG_WARN_ENUM_CONVERSION = YES;
				CLANG_WARN_INFINITE_RECURSION = YES;
				CLANG_WARN_INT_CONVERSION = YES;
				CLANG_WARN_NON_LITERAL_NULL_CONVERSION = YES;
				CLANG_WARN_OBJC_IMPLICIT_RETAIN_SELF = YES;
				CLANG_WARN_OBJC_LITERAL_CONVERSION = YES;
				CLANG_WARN_OBJC_ROOT_CLASS = YES_ERROR;
				CLANG_WARN_QUOTED_INCLUDE_IN_FRAMEWORK_HEADER = YES;
				CLANG_WARN_RANGE_LOOP_ANALYSIS = YES;
				CLANG_WARN_STRICT_PROTOTYPES = YES;
				CLANG_WARN_SUSPICIOUS_MOVE = YES;
				CLANG_WARN_UNGUARDED_AVAILABILITY = YES_AGGRESSIVE;
				CLANG_WARN_UNREACHABLE_CODE = YES;
				CLANG_WARN__DUPLICATE_METHOD_MATCH = YES;
				COPY_PHASE_STRIP = NO;
				DEBUG_INFORMATION_FORMAT = "dwarf-with-dsym";
				ENABLE_NS_ASSERTIONS = NO;
				ENABLE_STRICT_OBJC_MSGSEND = YES;
				GCC_C_LANGUAGE_STANDARD = gnu11;
				GCC_NO_COMMON_BLOCKS = YES;
				GCC_WARN_64_TO_32_BIT_CONVERSION = YES;
				GCC_WARN_ABOUT_RETURN_TYPE = YES_ERROR;
				GCC_WARN_UNDECLARED_SELECTOR = YES;
				GCC_WARN_UNINITIALIZED_AUTOS = YES_AGGRESSIVE;
				GCC_WARN_UNUSED_FUNCTION = YES;
				GCC_WARN_UNUSED_VARIABLE = YES;
				IPHONEOS_DEPLOYMENT_TARGET = 14.5;
				MTL_ENABLE_DEBUG_INFO = NO;
				MTL_FAST_MATH = YES;
				SDKROOT = iphoneos;
				SWIFT_COMPILATION_MODE = wholemodule;
				SWIFT_OPTIMIZATION_LEVEL = "-O";
				VALIDATE_PRODUCT = YES;
			};
			name = Release;
		};
		F52871D926B783BA005755C8 /* Debug */ = {
			isa = XCBuildConfiguration;
			buildSettings = {
				ASSETCATALOG_COMPILER_APPICON_NAME = AppIcon;
				ASSETCATALOG_COMPILER_GLOBAL_ACCENT_COLOR_NAME = AccentColor;
				CODE_SIGN_STYLE = Automatic;
				DEVELOPMENT_TEAM = 72B4ASD893;
				INFOPLIST_FILE = JDMListDynamic/Info.plist;
				LD_RUNPATH_SEARCH_PATHS = (
					"$(inherited)",
					"@executable_path/Frameworks",
				);
				PRODUCT_BUNDLE_IDENTIFIER = id.infiniteLearning.JDMListDynamic;
				PRODUCT_NAME = "$(TARGET_NAME)";
				SWIFT_VERSION = 5.0;
				TARGETED_DEVICE_FAMILY = "1,2";
			};
			name = Debug;
		};
		F52871DA26B783BA005755C8 /* Release */ = {
			isa = XCBuildConfiguration;
			buildSettings = {
				ASSETCATALOG_COMPILER_APPICON_NAME = AppIcon;
				ASSETCATALOG_COMPILER_GLOBAL_ACCENT_COLOR_NAME = AccentColor;
				CODE_SIGN_STYLE = Automatic;
				DEVELOPMENT_TEAM = 72B4ASD893;
				INFOPLIST_FILE = JDMListDynamic/Info.plist;
				LD_RUNPATH_SEARCH_PATHS = (
					"$(inherited)",
					"@executable_path/Frameworks",
				);
				PRODUCT_BUNDLE_IDENTIFIER = id.infiniteLearning.JDMListDynamic;
				PRODUCT_NAME = "$(TARGET_NAME)";
				SWIFT_VERSION = 5.0;
				TARGETED_DEVICE_FAMILY = "1,2";
			};
			name = Release;
		};
/* End XCBuildConfiguration section */

/* Begin XCConfigurationList section */
		F52871BF26B783B8005755C8 /* Build configuration list for PBXProject "JDMListDynamic" */ = {
			isa = XCConfigurationList;
			buildConfigurations = (
				F52871D626B783BA005755C8 /* Debug */,
				F52871D726B783BA005755C8 /* Release */,
			);
			defaultConfigurationIsVisible = 0;
			defaultConfigurationName = Release;
		};
		F52871D826B783BA005755C8 /* Build configuration list for PBXNativeTarget "JDMListDynamic" */ = {
			isa = XCConfigurationList;
			buildConfigurations = (
				F52871D926B783BA005755C8 /* Debug */,
				F52871DA26B783BA005755C8 /* Release */,
			);
			defaultConfigurationIsVisible = 0;
			defaultConfigurationName = Release;
		};
/* End XCConfigurationList section */
	};
	rootObject = F52871BC26B783B8005755C8 /* Project object */;
}
